
Microsoft Visual Studio Solution File, Format Version 12.00
# Visual Studio Version 17
VisualStudioVersion = 17.1.32328.378
MinimumVisualStudioVersion = 10.0.40219.1
Project("{FAE04EC0-301F-11D3-BF4B-00C04F79EFBC}") = "MiguelPisunaExamen.Android", "MiguelPisunaExamen.Android\MiguelPisunaExamen.Android.csproj", "{3B4F7357-6ECB-4315-A56F-71BBF88E4C6E}"
EndProject
Project("{FAE04EC0-301F-11D3-BF4B-00C04F79EFBC}") = "MiguelPisunaExamen.iOS", "MiguelPisunaExamen.iOS\MiguelPisunaExamen.iOS.csproj", "{218B52E0-0C98-468B-834B-998FE1D30C09}"
EndProject
Project("{FAE04EC0-301F-11D3-BF4B-00C04F79EFBC}") = "MiguelPisunaExamen", "MiguelPisunaExamen\MiguelPisunaExamen.csproj", "{3181FB99-C277-4FA1-A88A-8FBCE1834335}"
EndProject
Global
	GlobalSection(SolutionConfigurationPlatforms) = preSolution
		Debug|Any CPU = Debug|Any CPU
		Debug|iPhone = Debug|iPhone
		Debug|iPhoneSimulator = Debug|iPhoneSimulator
		Release|Any CPU = Release|Any CPU
		Release|iPhone = Release|iPhone
		Release|iPhoneSimulator = Release|iPhoneSimulator
	EndGlobalSection
	GlobalSection(ProjectConfigurationPlatforms) = postSolution
		{3B4F7357-6ECB-4315-A56F-71BBF88E4C6E}.Debug|Any CPU.ActiveCfg = Debug|Any CPU
		{3B4F7357-6ECB-4315-A56F-71BBF88E4C6E}.Debug|Any CPU.Build.0 = Debug|Any CPU
		{3B4F7357-6ECB-4315-A56F-71BBF88E4C6E}.Debug|Any CPU.Deploy.0 = Debug|Any CPU
		{3B4F7357-6ECB-4315-A56F-71BBF88E4C6E}.Debug|iPhone.ActiveCfg = Debug|Any CPU
		{3B4F7357-6ECB-4315-A56F-71BBF88E4C6E}.Debug|iPhone.Build.0 = Debug|Any CPU
		{3B4F7357-6ECB-4315-A56F-71BBF88E4C6E}.Debug|iPhone.Deploy.0 = Debug|Any CPU
		{3B4F7357-6ECB-4315-A56F-71BBF88E4C6E}.Debug|iPhoneSimulator.ActiveCfg = Debug|Any CPU
		{3B4F7357-6ECB-4315-A56F-71BBF88E4C6E}.Debug|iPhoneSimulator.Build.0 = Debug|Any CPU
		{3B4F7357-6ECB-4315-A56F-71BBF88E4C6E}.Debug|iPhoneSimulator.Deploy.0 = Debug|Any CPU
		{3B4F7357-6ECB-4315-A56F-71BBF88E4C6E}.Release|Any CPU.ActiveCfg = Release|Any CPU
		{3B4F7357-6ECB-4315-A56F-71BBF88E4C6E}.Release|Any CPU.Build.0 = Release|Any CPU
		{3B4F7357-6ECB-4315-A56F-71BBF88E4C6E}.Release|Any CPU.Deploy.0 = Release|Any CPU
		{3B4F7357-6ECB-4315-A56F-71BBF88E4C6E}.Release|iPhone.ActiveCfg = Release|Any CPU
		{3B4F7357-6ECB-4315-A56F-71BBF88E4C6E}.Release|iPhone.Build.0 = Release|Any CPU
		{3B4F7357-6ECB-4315-A56F-71BBF88E4C6E}.Release|iPhone.Deploy.0 = Release|Any CPU
		{3B4F7357-6ECB-4315-A56F-71BBF88E4C6E}.Release|iPhoneSimulator.ActiveCfg = Release|Any CPU
		{3B4F7357-6ECB-4315-A56F-71BBF88E4C6E}.Release|iPhoneSimulator.Build.0 = Release|Any CPU
		{3B4F7357-6ECB-4315-A56F-71BBF88E4C6E}.Release|iPhoneSimulator.Deploy.0 = Release|Any CPU
		{218B52E0-0C98-468B-834B-998FE1D30C09}.Debug|Any CPU.ActiveCfg = Debug|iPhone
		{218B52E0-0C98-468B-834B-998FE1D30C09}.Debug|Any CPU.Build.0 = Debug|iPhone
		{218B52E0-0C98-468B-834B-998FE1D30C09}.Debug|Any CPU.Deploy.0 = Debug|iPhone
		{218B52E0-0C98-468B-834B-998FE1D30C09}.Debug|iPhone.ActiveCfg = Debug|iPhone
		{218B52E0-0C98-468B-834B-998FE1D30C09}.Debug|iPhone.Build.0 = Debug|iPhone
		{218B52E0-0C98-468B-834B-998FE1D30C09}.Debug|iPhone.Deploy.0 = Debug|iPhone
		{218B52E0-0C98-468B-834B-998FE1D30C09}.Debug|iPhoneSimulator.ActiveCfg = Debug|iPhoneSimulator
		{218B52E0-0C98-468B-834B-998FE1D30C09}.Debug|iPhoneSimulator.Build.0 = Debug|iPhoneSimulator
		{218B52E0-0C98-468B-834B-998FE1D30C09}.Debug|iPhoneSimulator.Deploy.0 = Debug|iPhoneSimulator
		{218B52E0-0C98-468B-834B-998FE1D30C09}.Release|Any CPU.ActiveCfg = Release|iPhoneSimulator
		{218B52E0-0C98-468B-834B-998FE1D30C09}.Release|Any CPU.Build.0 = Release|iPhoneSimulator
		{218B52E0-0C98-468B-834B-998FE1D30C09}.Release|Any CPU.Deploy.0 = Release|iPhoneSimulator
		{218B52E0-0C98-468B-834B-998FE1D30C09}.Release|iPhone.ActiveCfg = Release|iPhone
		{218B52E0-0C98-468B-834B-998FE1D30C09}.Release|iPhone.Build.0 = Release|iPhone
		{218B52E0-0C98-468B-834B-998FE1D30C09}.Release|iPhone.Deploy.0 = Release|iPhone
		{218B52E0-0C98-468B-834B-998FE1D30C09}.Release|iPhoneSimulator.ActiveCfg = Release|iPhoneSimulator
		{218B52E0-0C98-468B-834B-998FE1D30C09}.Release|iPhoneSimulator.Build.0 = Release|iPhoneSimulator
		{218B52E0-0C98-468B-834B-998FE1D30C09}.Release|iPhoneSimulator.Deploy.0 = Release|iPhoneSimulator
		{3181FB99-C277-4FA1-A88A-8FBCE1834335}.Debug|Any CPU.ActiveCfg = Debug|Any CPU
		{3181FB99-C277-4FA1-A88A-8FBCE1834335}.Debug|Any CPU.Build.0 = Debug|Any CPU
		{3181FB99-C277-4FA1-A88A-8FBCE1834335}.Debug|Any CPU.Deploy.0 = Debug|Any CPU
		{3181FB99-C277-4FA1-A88A-8FBCE1834335}.Debug|iPhone.ActiveCfg = Debug|Any CPU
		{3181FB99-C277-4FA1-A88A-8FBCE1834335}.Debug|iPhone.Build.0 = Debug|Any CPU
		{3181FB99-C277-4FA1-A88A-8FBCE1834335}.Debug|iPhone.Deploy.0 = Debug|Any CPU
		{3181FB99-C277-4FA1-A88A-8FBCE1834335}.Debug|iPhoneSimulator.ActiveCfg = Debug|Any CPU
		{3181FB99-C277-4FA1-A88A-8FBCE1834335}.Debug|iPhoneSimulator.Build.0 = Debug|Any CPU
		{3181FB99-C277-4FA1-A88A-8FBCE1834335}.Debug|iPhoneSimulator.Deploy.0 = Debug|Any CPU
		{3181FB99-C277-4FA1-A88A-8FBCE1834335}.Release|Any CPU.ActiveCfg = Release|Any CPU
		{3181FB99-C277-4FA1-A88A-8FBCE1834335}.Release|Any CPU.Build.0 = Release|Any CPU
		{3181FB99-C277-4FA1-A88A-8FBCE1834335}.Release|Any CPU.Deploy.0 = Release|Any CPU
		{3181FB99-C277-4FA1-A88A-8FBCE1834335}.Release|iPhone.ActiveCfg = Release|Any CPU
		{3181FB99-C277-4FA1-A88A-8FBCE1834335}.Release|iPhone.Build.0 = Release|Any CPU
		{3181FB99-C277-4FA1-A88A-8FBCE1834335}.Release|iPhone.Deploy.0 = Release|Any CPU
		{3181FB99-C277-4FA1-A88A-8FBCE1834335}.Release|iPhoneSimulator.ActiveCfg = Release|Any CPU
		{3181FB99-C277-4FA1-A88A-8FBCE1834335}.Release|iPhoneSimulator.Build.0 = Release|Any CPU
		{3181FB99-C277-4FA1-A88A-8FBCE1834335}.Release|iPhoneSimulator.Deploy.0 = Release|Any CPU
	EndGlobalSection
	GlobalSection(SolutionProperties) = preSolution
		HideSolutionNode = FALSE
	EndGlobalSection
	GlobalSection(ExtensibilityGlobals) = postSolution
		SolutionGuid = {2D563494-3A5A-45D4-A235-E57D4F667330}
	EndGlobalSection
EndGlobal
